
Microsoft Visual Studio Solution File, Format Version 12.00
# Visual Studio 2012
Project("{FAE04EC0-301F-11D3-BF4B-00C04F79EFBC}") = "TP1", "TP1\TP1.csproj", "{A2DD8FC9-A8EB-4E1A-988E-2E18D8438B3F}"
EndProject
Project("{2150E333-8FDC-42A3-9474-1A3956D46DE8}") = ".nuget", ".nuget", "{BA012D9A-061E-4CD4-BBF4-950E8853BF4B}"
	ProjectSection(SolutionItems) = preProject
		.nuget\NuGet.Config = .nuget\NuGet.Config
		.nuget\NuGet.exe = .nuget\NuGet.exe
		.nuget\NuGet.targets = .nuget\NuGet.targets
	EndProjectSection
EndProject
Project("{FAE04EC0-301F-11D3-BF4B-00C04F79EFBC}") = "Infrastructure", "Infrastructure\Infrastructure.csproj", "{DC3F89D9-0535-4B8D-8846-CF6698C82F98}"
EndProject
Project("{FAE04EC0-301F-11D3-BF4B-00C04F79EFBC}") = "Model", "Models\Model.csproj", "{B4620C6E-CD64-4436-89B2-A18CD5EE0BD4}"
EndProject
Project("{FAE04EC0-301F-11D3-BF4B-00C04F79EFBC}") = "UnitTests", "UnitTests\UnitTests.csproj", "{63DEFFD7-B1F4-4234-A1C3-AB0319791B8F}"
EndProject
Project("{FAE04EC0-301F-11D3-BF4B-00C04F79EFBC}") = "AutomationTests", "AutomationTests\AutomationTests.csproj", "{28161CA2-2B8D-4944-AC0D-77995C1CFB62}"
EndProject
Project("{FAE04EC0-301F-11D3-BF4B-00C04F79EFBC}") = "Tools", "Tools\Tools.csproj", "{23BB645B-8F2D-4F24-9EC8-3AEF219B2C00}"
EndProject
Project("{FAE04EC0-301F-11D3-BF4B-00C04F79EFBC}") = "Resources", "Resources\Resources.csproj", "{014F1445-A066-4411-85F4-D1D45E46E029}"
EndProject
Global
	GlobalSection(SolutionConfigurationPlatforms) = preSolution
		Debug|Any CPU = Debug|Any CPU
		Release|Any CPU = Release|Any CPU
	EndGlobalSection
	GlobalSection(ProjectConfigurationPlatforms) = postSolution
		{A2DD8FC9-A8EB-4E1A-988E-2E18D8438B3F}.Debug|Any CPU.ActiveCfg = Debug|Any CPU
		{A2DD8FC9-A8EB-4E1A-988E-2E18D8438B3F}.Debug|Any CPU.Build.0 = Debug|Any CPU
		{A2DD8FC9-A8EB-4E1A-988E-2E18D8438B3F}.Release|Any CPU.ActiveCfg = Release|Any CPU
		{A2DD8FC9-A8EB-4E1A-988E-2E18D8438B3F}.Release|Any CPU.Build.0 = Release|Any CPU
		{DC3F89D9-0535-4B8D-8846-CF6698C82F98}.Debug|Any CPU.ActiveCfg = Debug|Any CPU
		{DC3F89D9-0535-4B8D-8846-CF6698C82F98}.Debug|Any CPU.Build.0 = Debug|Any CPU
		{DC3F89D9-0535-4B8D-8846-CF6698C82F98}.Release|Any CPU.ActiveCfg = Release|Any CPU
		{DC3F89D9-0535-4B8D-8846-CF6698C82F98}.Release|Any CPU.Build.0 = Release|Any CPU
		{B4620C6E-CD64-4436-89B2-A18CD5EE0BD4}.Debug|Any CPU.ActiveCfg = Debug|Any CPU
		{B4620C6E-CD64-4436-89B2-A18CD5EE0BD4}.Debug|Any CPU.Build.0 = Debug|Any CPU
		{B4620C6E-CD64-4436-89B2-A18CD5EE0BD4}.Release|Any CPU.ActiveCfg = Release|Any CPU
		{B4620C6E-CD64-4436-89B2-A18CD5EE0BD4}.Release|Any CPU.Build.0 = Release|Any CPU
		{63DEFFD7-B1F4-4234-A1C3-AB0319791B8F}.Debug|Any CPU.ActiveCfg = Debug|Any CPU
		{63DEFFD7-B1F4-4234-A1C3-AB0319791B8F}.Debug|Any CPU.Build.0 = Debug|Any CPU
		{63DEFFD7-B1F4-4234-A1C3-AB0319791B8F}.Release|Any CPU.ActiveCfg = Release|Any CPU
		{63DEFFD7-B1F4-4234-A1C3-AB0319791B8F}.Release|Any CPU.Build.0 = Release|Any CPU
		{28161CA2-2B8D-4944-AC0D-77995C1CFB62}.Debug|Any CPU.ActiveCfg = Debug|Any CPU
		{28161CA2-2B8D-4944-AC0D-77995C1CFB62}.Debug|Any CPU.Build.0 = Debug|Any CPU
		{28161CA2-2B8D-4944-AC0D-77995C1CFB62}.Release|Any CPU.ActiveCfg = Release|Any CPU
		{28161CA2-2B8D-4944-AC0D-77995C1CFB62}.Release|Any CPU.Build.0 = Release|Any CPU
		{23BB645B-8F2D-4F24-9EC8-3AEF219B2C00}.Debug|Any CPU.ActiveCfg = Debug|Any CPU
		{23BB645B-8F2D-4F24-9EC8-3AEF219B2C00}.Debug|Any CPU.Build.0 = Debug|Any CPU
		{23BB645B-8F2D-4F24-9EC8-3AEF219B2C00}.Release|Any CPU.ActiveCfg = Release|Any CPU
		{23BB645B-8F2D-4F24-9EC8-3AEF219B2C00}.Release|Any CPU.Build.0 = Release|Any CPU
		{014F1445-A066-4411-85F4-D1D45E46E029}.Debug|Any CPU.ActiveCfg = Debug|Any CPU
		{014F1445-A066-4411-85F4-D1D45E46E029}.Debug|Any CPU.Build.0 = Debug|Any CPU
		{014F1445-A066-4411-85F4-D1D45E46E029}.Release|Any CPU.ActiveCfg = Release|Any CPU
		{014F1445-A066-4411-85F4-D1D45E46E029}.Release|Any CPU.Build.0 = Release|Any CPU
	EndGlobalSection
	GlobalSection(SolutionProperties) = preSolution
		HideSolutionNode = FALSE
	EndGlobalSection
EndGlobal
